// !$*UTF8*$!
{
	archiveVersion = 1;
	classes = {
	};
	objectVersion = 46;
	objects = {

/* Begin PBXBuildFile section */
		8B79936C184D61AF007A5F0D /* SplashScreen.m in Sources */ = {isa = PBXBuildFile; fileRef = 8B79936B184D61AF007A5F0D /* SplashScreen.m */; };
		8B799373184D63D5007A5F0D /* EnterScene.atlas in Resources */ = {isa = PBXBuildFile; fileRef = 8B79936E184D63D5007A5F0D /* EnterScene.atlas */; };
		8B799374184D63D5007A5F0D /* MenuScene.atlas in Resources */ = {isa = PBXBuildFile; fileRef = 8B79936F184D63D5007A5F0D /* MenuScene.atlas */; };
		8B799375184D63D5007A5F0D /* RottenApple.atlas in Resources */ = {isa = PBXBuildFile; fileRef = 8B799370184D63D5007A5F0D /* RottenApple.atlas */; };
		8B799376184D63D5007A5F0D /* SplashScreen.atlas in Resources */ = {isa = PBXBuildFile; fileRef = 8B799371184D63D5007A5F0D /* SplashScreen.atlas */; };
		8B799377184D63D5007A5F0D /* TrashRat.atlas in Resources */ = {isa = PBXBuildFile; fileRef = 8B799372184D63D5007A5F0D /* TrashRat.atlas */; };
		8B79937A184D6F7D007A5F0D /* EnterScene.m in Sources */ = {isa = PBXBuildFile; fileRef = 8B799379184D6F7D007A5F0D /* EnterScene.m */; };
		8B79937D184D73BC007A5F0D /* MenuScene.m in Sources */ = {isa = PBXBuildFile; fileRef = 8B79937C184D73BC007A5F0D /* MenuScene.m */; };
		8B799391184D90FA007A5F0D /* fenceline@2x.png in Resources */ = {isa = PBXBuildFile; fileRef = 8B79938D184D90FA007A5F0D /* fenceline@2x.png */; };
		8B799392184D90FA007A5F0D /* ground@2x.png in Resources */ = {isa = PBXBuildFile; fileRef = 8B79938E184D90FA007A5F0D /* ground@2x.png */; };
		8B799393184D90FA007A5F0D /* rubbish@2x.png in Resources */ = {isa = PBXBuildFile; fileRef = 8B79938F184D90FA007A5F0D /* rubbish@2x.png */; };
		8B799396184D9406007A5F0D /* sky@2x.png in Resources */ = {isa = PBXBuildFile; fileRef = 8B799395184D9406007A5F0D /* sky@2x.png */; };
		8B799398184D940F007A5F0D /* backtrash@2x.png in Resources */ = {isa = PBXBuildFile; fileRef = 8B799397184D940F007A5F0D /* backtrash@2x.png */; };
		EFF5A42718430380000E2B06 /* Foundation.framework in Frameworks */ = {isa = PBXBuildFile; fileRef = EFF5A42618430380000E2B06 /* Foundation.framework */; };
		EFF5A42918430380000E2B06 /* CoreGraphics.framework in Frameworks */ = {isa = PBXBuildFile; fileRef = EFF5A42818430380000E2B06 /* CoreGraphics.framework */; };
		EFF5A42B18430380000E2B06 /* UIKit.framework in Frameworks */ = {isa = PBXBuildFile; fileRef = EFF5A42A18430380000E2B06 /* UIKit.framework */; };
		EFF5A42D18430380000E2B06 /* SpriteKit.framework in Frameworks */ = {isa = PBXBuildFile; fileRef = EFF5A42C18430380000E2B06 /* SpriteKit.framework */; };
		EFF5A43318430380000E2B06 /* InfoPlist.strings in Resources */ = {isa = PBXBuildFile; fileRef = EFF5A43118430380000E2B06 /* InfoPlist.strings */; };
		EFF5A43518430380000E2B06 /* main.m in Sources */ = {isa = PBXBuildFile; fileRef = EFF5A43418430380000E2B06 /* main.m */; };
		EFF5A43918430380000E2B06 /* AppDelegate.m in Sources */ = {isa = PBXBuildFile; fileRef = EFF5A43818430380000E2B06 /* AppDelegate.m */; };
		EFF5A43C18430380000E2B06 /* Main.storyboard in Resources */ = {isa = PBXBuildFile; fileRef = EFF5A43A18430380000E2B06 /* Main.storyboard */; };
		EFF5A43F18430380000E2B06 /* ViewController.m in Sources */ = {isa = PBXBuildFile; fileRef = EFF5A43E18430380000E2B06 /* ViewController.m */; };
		EFF5A44618430380000E2B06 /* Images.xcassets in Resources */ = {isa = PBXBuildFile; fileRef = EFF5A44518430380000E2B06 /* Images.xcassets */; };
		EFF5A44D18430381000E2B06 /* XCTest.framework in Frameworks */ = {isa = PBXBuildFile; fileRef = EFF5A44C18430381000E2B06 /* XCTest.framework */; };
		EFF5A44E18430381000E2B06 /* Foundation.framework in Frameworks */ = {isa = PBXBuildFile; fileRef = EFF5A42618430380000E2B06 /* Foundation.framework */; };
		EFF5A44F18430381000E2B06 /* UIKit.framework in Frameworks */ = {isa = PBXBuildFile; fileRef = EFF5A42A18430380000E2B06 /* UIKit.framework */; };
		EFF5A45718430381000E2B06 /* InfoPlist.strings in Resources */ = {isa = PBXBuildFile; fileRef = EFF5A45518430381000E2B06 /* InfoPlist.strings */; };
		EFF5A45918430381000E2B06 /* Trash_TalkTests.m in Sources */ = {isa = PBXBuildFile; fileRef = EFF5A45818430381000E2B06 /* Trash_TalkTests.m */; };
/* End PBXBuildFile section */

/* Begin PBXContainerItemProxy section */
		EFF5A45018430381000E2B06 /* PBXContainerItemProxy */ = {
			isa = PBXContainerItemProxy;
			containerPortal = EFF5A41B18430380000E2B06 /* Project object */;
			proxyType = 1;
			remoteGlobalIDString = EFF5A42218430380000E2B06;
			remoteInfo = "Trash Talk";
		};
/* End PBXContainerItemProxy section */

/* Begin PBXFileReference section */
		8B79936A184D61AF007A5F0D /* SplashScreen.h */ = {isa = PBXFileReference; fileEncoding = 4; lastKnownFileType = sourcecode.c.h; path = SplashScreen.h; sourceTree = "<group>"; };
		8B79936B184D61AF007A5F0D /* SplashScreen.m */ = {isa = PBXFileReference; fileEncoding = 4; lastKnownFileType = sourcecode.c.objc; path = SplashScreen.m; sourceTree = "<group>"; };
		8B79936E184D63D5007A5F0D /* EnterScene.atlas */ = {isa = PBXFileReference; lastKnownFileType = folder.skatlas; name = EnterScene.atlas; path = Textures/EnterScene.atlas; sourceTree = "<group>"; };
		8B79936F184D63D5007A5F0D /* MenuScene.atlas */ = {isa = PBXFileReference; lastKnownFileType = folder.skatlas; name = MenuScene.atlas; path = Textures/MenuScene.atlas; sourceTree = "<group>"; };
		8B799370184D63D5007A5F0D /* RottenApple.atlas */ = {isa = PBXFileReference; lastKnownFileType = folder.skatlas; name = RottenApple.atlas; path = Textures/RottenApple.atlas; sourceTree = "<group>"; };
		8B799371184D63D5007A5F0D /* SplashScreen.atlas */ = {isa = PBXFileReference; lastKnownFileType = folder.skatlas; name = SplashScreen.atlas; path = Textures/SplashScreen.atlas; sourceTree = "<group>"; };
		8B799372184D63D5007A5F0D /* TrashRat.atlas */ = {isa = PBXFileReference; lastKnownFileType = folder.skatlas; name = TrashRat.atlas; path = Textures/TrashRat.atlas; sourceTree = "<group>"; };
		8B799378184D6F7D007A5F0D /* EnterScene.h */ = {isa = PBXFileReference; fileEncoding = 4; lastKnownFileType = sourcecode.c.h; path = EnterScene.h; sourceTree = "<group>"; };
		8B799379184D6F7D007A5F0D /* EnterScene.m */ = {isa = PBXFileReference; fileEncoding = 4; lastKnownFileType = sourcecode.c.objc; path = EnterScene.m; sourceTree = "<group>"; };
		8B79937B184D73BC007A5F0D /* MenuScene.h */ = {isa = PBXFileReference; fileEncoding = 4; lastKnownFileType = sourcecode.c.h; path = MenuScene.h; sourceTree = "<group>"; };
		8B79937C184D73BC007A5F0D /* MenuScene.m */ = {isa = PBXFileReference; fileEncoding = 4; lastKnownFileType = sourcecode.c.objc; path = MenuScene.m; sourceTree = "<group>"; };
		8B79938D184D90FA007A5F0D /* fenceline@2x.png */ = {isa = PBXFileReference; lastKnownFileType = image.png; path = "fenceline@2x.png"; sourceTree = "<group>"; };
		8B79938E184D90FA007A5F0D /* ground@2x.png */ = {isa = PBXFileReference; lastKnownFileType = image.png; path = "ground@2x.png"; sourceTree = "<group>"; };
		8B79938F184D90FA007A5F0D /* rubbish@2x.png */ = {isa = PBXFileReference; lastKnownFileType = image.png; path = "rubbish@2x.png"; sourceTree = "<group>"; };
		8B799395184D9406007A5F0D /* sky@2x.png */ = {isa = PBXFileReference; lastKnownFileType = image.png; path = "sky@2x.png"; sourceTree = "<group>"; };
		8B799397184D940F007A5F0D /* backtrash@2x.png */ = {isa = PBXFileReference; lastKnownFileType = image.png; path = "backtrash@2x.png"; sourceTree = "<group>"; };
		EFF5A42318430380000E2B06 /* Trash Talk.app */ = {isa = PBXFileReference; explicitFileType = wrapper.application; includeInIndex = 0; path = "Trash Talk.app"; sourceTree = BUILT_PRODUCTS_DIR; };
		EFF5A42618430380000E2B06 /* Foundation.framework */ = {isa = PBXFileReference; lastKnownFileType = wrapper.framework; name = Foundation.framework; path = System/Library/Frameworks/Foundation.framework; sourceTree = SDKROOT; };
		EFF5A42818430380000E2B06 /* CoreGraphics.framework */ = {isa = PBXFileReference; lastKnownFileType = wrapper.framework; name = CoreGraphics.framework; path = System/Library/Frameworks/CoreGraphics.framework; sourceTree = SDKROOT; };
		EFF5A42A18430380000E2B06 /* UIKit.framework */ = {isa = PBXFileReference; lastKnownFileType = wrapper.framework; name = UIKit.framework; path = System/Library/Frameworks/UIKit.framework; sourceTree = SDKROOT; };
		EFF5A42C18430380000E2B06 /* SpriteKit.framework */ = {isa = PBXFileReference; lastKnownFileType = wrapper.framework; name = SpriteKit.framework; path = System/Library/Frameworks/SpriteKit.framework; sourceTree = SDKROOT; };
		EFF5A43018430380000E2B06 /* Trash Talk-Info.plist */ = {isa = PBXFileReference; lastKnownFileType = text.plist.xml; path = "Trash Talk-Info.plist"; sourceTree = "<group>"; };
		EFF5A43218430380000E2B06 /* en */ = {isa = PBXFileReference; lastKnownFileType = text.plist.strings; name = en; path = en.lproj/InfoPlist.strings; sourceTree = "<group>"; };
		EFF5A43418430380000E2B06 /* main.m */ = {isa = PBXFileReference; lastKnownFileType = sourcecode.c.objc; path = main.m; sourceTree = "<group>"; };
		EFF5A43618430380000E2B06 /* Trash Talk-Prefix.pch */ = {isa = PBXFileReference; lastKnownFileType = sourcecode.c.h; path = "Trash Talk-Prefix.pch"; sourceTree = "<group>"; };
		EFF5A43718430380000E2B06 /* AppDelegate.h */ = {isa = PBXFileReference; lastKnownFileType = sourcecode.c.h; path = AppDelegate.h; sourceTree = "<group>"; };
		EFF5A43818430380000E2B06 /* AppDelegate.m */ = {isa = PBXFileReference; lastKnownFileType = sourcecode.c.objc; path = AppDelegate.m; sourceTree = "<group>"; };
		EFF5A43B18430380000E2B06 /* Base */ = {isa = PBXFileReference; lastKnownFileType = file.storyboard; name = Base; path = Base.lproj/Main.storyboard; sourceTree = "<group>"; };
		EFF5A43D18430380000E2B06 /* ViewController.h */ = {isa = PBXFileReference; lastKnownFileType = sourcecode.c.h; path = ViewController.h; sourceTree = "<group>"; };
		EFF5A43E18430380000E2B06 /* ViewController.m */ = {isa = PBXFileReference; lastKnownFileType = sourcecode.c.objc; path = ViewController.m; sourceTree = "<group>"; };
		EFF5A44518430380000E2B06 /* Images.xcassets */ = {isa = PBXFileReference; lastKnownFileType = folder.assetcatalog; path = Images.xcassets; sourceTree = "<group>"; };
		EFF5A44B18430381000E2B06 /* Trash TalkTests.xctest */ = {isa = PBXFileReference; explicitFileType = wrapper.cfbundle; includeInIndex = 0; path = "Trash TalkTests.xctest"; sourceTree = BUILT_PRODUCTS_DIR; };
		EFF5A44C18430381000E2B06 /* XCTest.framework */ = {isa = PBXFileReference; lastKnownFileType = wrapper.framework; name = XCTest.framework; path = Library/Frameworks/XCTest.framework; sourceTree = DEVELOPER_DIR; };
		EFF5A45418430381000E2B06 /* Trash TalkTests-Info.plist */ = {isa = PBXFileReference; lastKnownFileType = text.plist.xml; path = "Trash TalkTests-Info.plist"; sourceTree = "<group>"; };
		EFF5A45618430381000E2B06 /* en */ = {isa = PBXFileReference; lastKnownFileType = text.plist.strings; name = en; path = en.lproj/InfoPlist.strings; sourceTree = "<group>"; };
		EFF5A45818430381000E2B06 /* Trash_TalkTests.m */ = {isa = PBXFileReference; lastKnownFileType = sourcecode.c.objc; path = Trash_TalkTests.m; sourceTree = "<group>"; };
/* End PBXFileReference section */

/* Begin PBXFrameworksBuildPhase section */
		EFF5A42018430380000E2B06 /* Frameworks */ = {
			isa = PBXFrameworksBuildPhase;
			buildActionMask = 2147483647;
			files = (
				EFF5A42918430380000E2B06 /* CoreGraphics.framework in Frameworks */,
				EFF5A42B18430380000E2B06 /* UIKit.framework in Frameworks */,
				EFF5A42D18430380000E2B06 /* SpriteKit.framework in Frameworks */,
				EFF5A42718430380000E2B06 /* Foundation.framework in Frameworks */,
			);
			runOnlyForDeploymentPostprocessing = 0;
		};
		EFF5A44818430381000E2B06 /* Frameworks */ = {
			isa = PBXFrameworksBuildPhase;
			buildActionMask = 2147483647;
			files = (
				EFF5A44D18430381000E2B06 /* XCTest.framework in Frameworks */,
				EFF5A44F18430381000E2B06 /* UIKit.framework in Frameworks */,
				EFF5A44E18430381000E2B06 /* Foundation.framework in Frameworks */,
			);
			runOnlyForDeploymentPostprocessing = 0;
		};
/* End PBXFrameworksBuildPhase section */

/* Begin PBXGroup section */
		8B799368184D61AF007A5F0D /* Classes */ = {
			isa = PBXGroup;
			children = (
				8B799369184D61AF007A5F0D /* Menu */,
			);
			path = Classes;
			sourceTree = "<group>";
		};
		8B799369184D61AF007A5F0D /* Menu */ = {
			isa = PBXGroup;
			children = (
				8B79936A184D61AF007A5F0D /* SplashScreen.h */,
				8B79936B184D61AF007A5F0D /* SplashScreen.m */,
				8B799378184D6F7D007A5F0D /* EnterScene.h */,
				8B799379184D6F7D007A5F0D /* EnterScene.m */,
				8B79937B184D73BC007A5F0D /* MenuScene.h */,
				8B79937C184D73BC007A5F0D /* MenuScene.m */,
			);
			path = Menu;
			sourceTree = "<group>";
		};
		8B79936D184D631B007A5F0D /* Textures */ = {
			isa = PBXGroup;
			children = (
				8B799381184D7A25007A5F0D /* Large Images */,
				8B79936E184D63D5007A5F0D /* EnterScene.atlas */,
				8B79936F184D63D5007A5F0D /* MenuScene.atlas */,
				8B799370184D63D5007A5F0D /* RottenApple.atlas */,
				8B799371184D63D5007A5F0D /* SplashScreen.atlas */,
				8B799372184D63D5007A5F0D /* TrashRat.atlas */,
			);
			name = Textures;
			sourceTree = "<group>";
		};
		8B799381184D7A25007A5F0D /* Large Images */ = {
			isa = PBXGroup;
			children = (
				8B799397184D940F007A5F0D /* backtrash@2x.png */,
				8B79938D184D90FA007A5F0D /* fenceline@2x.png */,
				8B79938E184D90FA007A5F0D /* ground@2x.png */,
				8B79938F184D90FA007A5F0D /* rubbish@2x.png */,
				8B799395184D9406007A5F0D /* sky@2x.png */,
			);
			name = "Large Images";
			path = "Textures/Large Images";
			sourceTree = "<group>";
		};
		EFF5A41A18430380000E2B06 = {
			isa = PBXGroup;
			children = (
				EFF5A42E18430380000E2B06 /* Trash Talk */,
				EFF5A45218430381000E2B06 /* Trash TalkTests */,
				EFF5A42518430380000E2B06 /* Frameworks */,
				EFF5A42418430380000E2B06 /* Products */,
			);
			sourceTree = "<group>";
		};
		EFF5A42418430380000E2B06 /* Products */ = {
			isa = PBXGroup;
			children = (
				EFF5A42318430380000E2B06 /* Trash Talk.app */,
				EFF5A44B18430381000E2B06 /* Trash TalkTests.xctest */,
			);
			name = Products;
			sourceTree = "<group>";
		};
		EFF5A42518430380000E2B06 /* Frameworks */ = {
			isa = PBXGroup;
			children = (
				EFF5A42618430380000E2B06 /* Foundation.framework */,
				EFF5A42818430380000E2B06 /* CoreGraphics.framework */,
				EFF5A42A18430380000E2B06 /* UIKit.framework */,
				EFF5A42C18430380000E2B06 /* SpriteKit.framework */,
				EFF5A44C18430381000E2B06 /* XCTest.framework */,
			);
			name = Frameworks;
			sourceTree = "<group>";
		};
		EFF5A42E18430380000E2B06 /* Trash Talk */ = {
			isa = PBXGroup;
			children = (
				8B79936D184D631B007A5F0D /* Textures */,
				8B799368184D61AF007A5F0D /* Classes */,
				EFF5A43718430380000E2B06 /* AppDelegate.h */,
				EFF5A43818430380000E2B06 /* AppDelegate.m */,
				EFF5A43A18430380000E2B06 /* Main.storyboard */,
				EFF5A43D18430380000E2B06 /* ViewController.h */,
				EFF5A43E18430380000E2B06 /* ViewController.m */,
				EFF5A44518430380000E2B06 /* Images.xcassets */,
				EFF5A42F18430380000E2B06 /* Supporting Files */,
			);
			path = "Trash Talk";
			sourceTree = "<group>";
		};
		EFF5A42F18430380000E2B06 /* Supporting Files */ = {
			isa = PBXGroup;
			children = (
				EFF5A43018430380000E2B06 /* Trash Talk-Info.plist */,
				EFF5A43118430380000E2B06 /* InfoPlist.strings */,
				EFF5A43418430380000E2B06 /* main.m */,
				EFF5A43618430380000E2B06 /* Trash Talk-Prefix.pch */,
			);
			name = "Supporting Files";
			sourceTree = "<group>";
		};
		EFF5A45218430381000E2B06 /* Trash TalkTests */ = {
			isa = PBXGroup;
			children = (
				EFF5A45818430381000E2B06 /* Trash_TalkTests.m */,
				EFF5A45318430381000E2B06 /* Supporting Files */,
			);
			path = "Trash TalkTests";
			sourceTree = "<group>";
		};
		EFF5A45318430381000E2B06 /* Supporting Files */ = {
			isa = PBXGroup;
			children = (
				EFF5A45418430381000E2B06 /* Trash TalkTests-Info.plist */,
				EFF5A45518430381000E2B06 /* InfoPlist.strings */,
			);
			name = "Supporting Files";
			sourceTree = "<group>";
		};
/* End PBXGroup section */

/* Begin PBXNativeTarget section */
		EFF5A42218430380000E2B06 /* Trash Talk */ = {
			isa = PBXNativeTarget;
			buildConfigurationList = EFF5A45C18430381000E2B06 /* Build configuration list for PBXNativeTarget "Trash Talk" */;
			buildPhases = (
				EFF5A41F18430380000E2B06 /* Sources */,
				EFF5A42018430380000E2B06 /* Frameworks */,
				EFF5A42118430380000E2B06 /* Resources */,
			);
			buildRules = (
			);
			dependencies = (
			);
			name = "Trash Talk";
			productName = "Trash Talk";
			productReference = EFF5A42318430380000E2B06 /* Trash Talk.app */;
			productType = "com.apple.product-type.application";
		};
		EFF5A44A18430381000E2B06 /* Trash TalkTests */ = {
			isa = PBXNativeTarget;
			buildConfigurationList = EFF5A45F18430381000E2B06 /* Build configuration list for PBXNativeTarget "Trash TalkTests" */;
			buildPhases = (
				EFF5A44718430381000E2B06 /* Sources */,
				EFF5A44818430381000E2B06 /* Frameworks */,
				EFF5A44918430381000E2B06 /* Resources */,
			);
			buildRules = (
			);
			dependencies = (
				EFF5A45118430381000E2B06 /* PBXTargetDependency */,
			);
			name = "Trash TalkTests";
			productName = "Trash TalkTests";
			productReference = EFF5A44B18430381000E2B06 /* Trash TalkTests.xctest */;
			productType = "com.apple.product-type.bundle.unit-test";
		};
/* End PBXNativeTarget section */

/* Begin PBXProject section */
		EFF5A41B18430380000E2B06 /* Project object */ = {
			isa = PBXProject;
			attributes = {
				LastUpgradeCheck = 0500;
				ORGANIZATIONNAME = "Sharp Agency";
				TargetAttributes = {
					EFF5A44A18430381000E2B06 = {
						TestTargetID = EFF5A42218430380000E2B06;
					};
				};
			};
			buildConfigurationList = EFF5A41E18430380000E2B06 /* Build configuration list for PBXProject "Trash Talk" */;
			compatibilityVersion = "Xcode 3.2";
			developmentRegion = English;
			hasScannedForEncodings = 0;
			knownRegions = (
				en,
				Base,
			);
			mainGroup = EFF5A41A18430380000E2B06;
			productRefGroup = EFF5A42418430380000E2B06 /* Products */;
			projectDirPath = "";
			projectRoot = "";
			targets = (
				EFF5A42218430380000E2B06 /* Trash Talk */,
				EFF5A44A18430381000E2B06 /* Trash TalkTests */,
			);
		};
/* End PBXProject section */

/* Begin PBXResourcesBuildPhase section */
		EFF5A42118430380000E2B06 /* Resources */ = {
			isa = PBXResourcesBuildPhase;
			buildActionMask = 2147483647;
			files = (
				8B799375184D63D5007A5F0D /* RottenApple.atlas in Resources */,
				EFF5A43318430380000E2B06 /* InfoPlist.strings in Resources */,
				8B799377184D63D5007A5F0D /* TrashRat.atlas in Resources */,
				EFF5A44618430380000E2B06 /* Images.xcassets in Resources */,
				8B799391184D90FA007A5F0D /* fenceline@2x.png in Resources */,
				EFF5A43C18430380000E2B06 /* Main.storyboard in Resources */,
				8B799374184D63D5007A5F0D /* MenuScene.atlas in Resources */,
				8B799393184D90FA007A5F0D /* rubbish@2x.png in Resources */,
				8B799373184D63D5007A5F0D /* EnterScene.atlas in Resources */,
				8B799376184D63D5007A5F0D /* SplashScreen.atlas in Resources */,
				8B799398184D940F007A5F0D /* backtrash@2x.png in Resources */,
				8B799396184D9406007A5F0D /* sky@2x.png in Resources */,
				8B799392184D90FA007A5F0D /* ground@2x.png in Resources */,
			);
			runOnlyForDeploymentPostprocessing = 0;
		};
		EFF5A44918430381000E2B06 /* Resources */ = {
			isa = PBXResourcesBuildPhase;
			buildActionMask = 2147483647;
			files = (
				EFF5A45718430381000E2B06 /* InfoPlist.strings in Resources */,
			);
			runOnlyForDeploymentPostprocessing = 0;
		};
/* End PBXResourcesBuildPhase section */

/* Begin PBXSourcesBuildPhase section */
		EFF5A41F18430380000E2B06 /* Sources */ = {
			isa = PBXSourcesBuildPhase;
			buildActionMask = 2147483647;
			files = (
				EFF5A43F18430380000E2B06 /* ViewController.m in Sources */,
				EFF5A43918430380000E2B06 /* AppDelegate.m in Sources */,
				8B79937A184D6F7D007A5F0D /* EnterScene.m in Sources */,
				8B79937D184D73BC007A5F0D /* MenuScene.m in Sources */,
				EFF5A43518430380000E2B06 /* main.m in Sources */,
				8B79936C184D61AF007A5F0D /* SplashScreen.m in Sources */,
			);
			runOnlyForDeploymentPostprocessing = 0;
		};
		EFF5A44718430381000E2B06 /* Sources */ = {
			isa = PBXSourcesBuildPhase;
			buildActionMask = 2147483647;
			files = (
				EFF5A45918430381000E2B06 /* Trash_TalkTests.m in Sources */,
			);
			runOnlyForDeploymentPostprocessing = 0;
		};
/* End PBXSourcesBuildPhase section */

/* Begin PBXTargetDependency section */
		EFF5A45118430381000E2B06 /* PBXTargetDependency */ = {
			isa = PBXTargetDependency;
			target = EFF5A42218430380000E2B06 /* Trash Talk */;
			targetProxy = EFF5A45018430381000E2B06 /* PBXContainerItemProxy */;
		};
/* End PBXTargetDependency section */

/* Begin PBXVariantGroup section */
		EFF5A43118430380000E2B06 /* InfoPlist.strings */ = {
			isa = PBXVariantGroup;
			children = (
				EFF5A43218430380000E2B06 /* en */,
			);
			name = InfoPlist.strings;
			sourceTree = "<group>";
		};
		EFF5A43A18430380000E2B06 /* Main.storyboard */ = {
			isa = PBXVariantGroup;
			children = (
				EFF5A43B18430380000E2B06 /* Base */,
			);
			name = Main.storyboard;
			sourceTree = "<group>";
		};
		EFF5A45518430381000E2B06 /* InfoPlist.strings */ = {
			isa = PBXVariantGroup;
			children = (
				EFF5A45618430381000E2B06 /* en */,
			);
			name = InfoPlist.strings;
			sourceTree = "<group>";
		};
/* End PBXVariantGroup section */

/* Begin XCBuildConfiguration section */
		EFF5A45A18430381000E2B06 /* Debug */ = {
			isa = XCBuildConfiguration;
			buildSettings = {
				ALWAYS_SEARCH_USER_PATHS = NO;
				ARCHS = "$(ARCHS_STANDARD_INCLUDING_64_BIT)";
				CLANG_CXX_LANGUAGE_STANDARD = "gnu++0x";
				CLANG_CXX_LIBRARY = "libc++";
				CLANG_ENABLE_MODULES = YES;
				CLANG_ENABLE_OBJC_ARC = YES;
				CLANG_WARN_BOOL_CONVERSION = YES;
				CLANG_WARN_CONSTANT_CONVERSION = YES;
				CLANG_WARN_DIRECT_OBJC_ISA_USAGE = YES_ERROR;
				CLANG_WARN_EMPTY_BODY = YES;
				CLANG_WARN_ENUM_CONVERSION = YES;
				CLANG_WARN_INT_CONVERSION = YES;
				CLANG_WARN_OBJC_ROOT_CLASS = YES_ERROR;
				CLANG_WARN__DUPLICATE_METHOD_MATCH = YES;
				"CODE_SIGN_IDENTITY[sdk=iphoneos*]" = "iPhone Developer";
				COPY_PHASE_STRIP = NO;
				GCC_C_LANGUAGE_STANDARD = gnu99;
				GCC_DYNAMIC_NO_PIC = NO;
				GCC_OPTIMIZATION_LEVEL = 0;
				GCC_PREPROCESSOR_DEFINITIONS = (
					"DEBUG=1",
					"$(inherited)",
				);
				GCC_SYMBOLS_PRIVATE_EXTERN = NO;
				GCC_WARN_64_TO_32_BIT_CONVERSION = YES;
				GCC_WARN_ABOUT_RETURN_TYPE = YES_ERROR;
				GCC_WARN_UNDECLARED_SELECTOR = YES;
				GCC_WARN_UNINITIALIZED_AUTOS = YES;
				GCC_WARN_UNUSED_FUNCTION = YES;
				GCC_WARN_UNUSED_VARIABLE = YES;
				IPHONEOS_DEPLOYMENT_TARGET = 7.0;
				ONLY_ACTIVE_ARCH = YES;
				SDKROOT = iphoneos;
			};
			name = Debug;
		};
		EFF5A45B18430381000E2B06 /* Release */ = {
			isa = XCBuildConfiguration;
			buildSettings = {
				ALWAYS_SEARCH_USER_PATHS = NO;
				ARCHS = "$(ARCHS_STANDARD_INCLUDING_64_BIT)";
				CLANG_CXX_LANGUAGE_STANDARD = "gnu++0x";
				CLANG_CXX_LIBRARY = "libc++";
				CLANG_ENABLE_MODULES = YES;
				CLANG_ENABLE_OBJC_ARC = YES;
				CLANG_WARN_BOOL_CONVERSION = YES;
				CLANG_WARN_CONSTANT_CONVERSION = YES;
				CLANG_WARN_DIRECT_OBJC_ISA_USAGE = YES_ERROR;
				CLANG_WARN_EMPTY_BODY = YES;
				CLANG_WARN_ENUM_CONVERSION = YES;
				CLANG_WARN_INT_CONVERSION = YES;
				CLANG_WARN_OBJC_ROOT_CLASS = YES_ERROR;
				CLANG_WARN__DUPLICATE_METHOD_MATCH = YES;
				"CODE_SIGN_IDENTITY[sdk=iphoneos*]" = "iPhone Developer";
				COPY_PHASE_STRIP = YES;
				ENABLE_NS_ASSERTIONS = NO;
				GCC_C_LANGUAGE_STANDARD = gnu99;
				GCC_WARN_64_TO_32_BIT_CONVERSION = YES;
				GCC_WARN_ABOUT_RETURN_TYPE = YES_ERROR;
				GCC_WARN_UNDECLARED_SELECTOR = YES;
				GCC_WARN_UNINITIALIZED_AUTOS = YES;
				GCC_WARN_UNUSED_FUNCTION = YES;
				GCC_WARN_UNUSED_VARIABLE = YES;
				IPHONEOS_DEPLOYMENT_TARGET = 7.0;
				SDKROOT = iphoneos;
				VALIDATE_PRODUCT = YES;
			};
			name = Release;
		};
		EFF5A45D18430381000E2B06 /* Debug */ = {
			isa = XCBuildConfiguration;
			buildSettings = {
				ASSETCATALOG_COMPILER_APPICON_NAME = AppIcon;
				ASSETCATALOG_COMPILER_LAUNCHIMAGE_NAME = LaunchImage;
				GCC_PRECOMPILE_PREFIX_HEADER = YES;
				GCC_PREFIX_HEADER = "Trash Talk/Trash Talk-Prefix.pch";
				INFOPLIST_FILE = "Trash Talk/Trash Talk-Info.plist";
				PRODUCT_NAME = "$(TARGET_NAME)";
				SPRITEKIT_TEXTURE_ATLAS_OUTPUT = YES;
				WRAPPER_EXTENSION = app;
			};
			name = Debug;
		};
		EFF5A45E18430381000E2B06 /* Release */ = {
			isa = XCBuildConfiguration;
			buildSettings = {
				ASSETCATALOG_COMPILER_APPICON_NAME = AppIcon;
				ASSETCATALOG_COMPILER_LAUNCHIMAGE_NAME = LaunchImage;
				GCC_PRECOMPILE_PREFIX_HEADER = YES;
				GCC_PREFIX_HEADER = "Trash Talk/Trash Talk-Prefix.pch";
				INFOPLIST_FILE = "Trash Talk/Trash Talk-Info.plist";
				PRODUCT_NAME = "$(TARGET_NAME)";
				SPRITEKIT_TEXTURE_ATLAS_OUTPUT = YES;
				WRAPPER_EXTENSION = app;
			};
			name = Release;
		};
		EFF5A46018430381000E2B06 /* Debug */ = {
			isa = XCBuildConfiguration;
			buildSettings = {
				ARCHS = "$(ARCHS_STANDARD_INCLUDING_64_BIT)";
				BUNDLE_LOADER = "$(BUILT_PRODUCTS_DIR)/Trash Talk.app/Trash Talk";
				FRAMEWORK_SEARCH_PATHS = (
					"$(SDKROOT)/Developer/Library/Frameworks",
					"$(inherited)",
					"$(DEVELOPER_FRAMEWORKS_DIR)",
				);
				GCC_PRECOMPILE_PREFIX_HEADER = YES;
				GCC_PREFIX_HEADER = "Trash Talk/Trash Talk-Prefix.pch";
				GCC_PREPROCESSOR_DEFINITIONS = (
					"DEBUG=1",
					"$(inherited)",
				);
				INFOPLIST_FILE = "Trash TalkTests/Trash TalkTests-Info.plist";
				PRODUCT_NAME = "$(TARGET_NAME)";
				TEST_HOST = "$(BUNDLE_LOADER)";
				WRAPPER_EXTENSION = xctest;
			};
			name = Debug;
		};
		EFF5A46118430381000E2B06 /* Release */ = {
			isa = XCBuildConfiguration;
			buildSettings = {
				ARCHS = "$(ARCHS_STANDARD_INCLUDING_64_BIT)";
				BUNDLE_LOADER = "$(BUILT_PRODUCTS_DIR)/Trash Talk.app/Trash Talk";
				FRAMEWORK_SEARCH_PATHS = (
					"$(SDKROOT)/Developer/Library/Frameworks",
					"$(inherited)",
					"$(DEVELOPER_FRAMEWORKS_DIR)",
				);
				GCC_PRECOMPILE_PREFIX_HEADER = YES;
				GCC_PREFIX_HEADER = "Trash Talk/Trash Talk-Prefix.pch";
				INFOPLIST_FILE = "Trash TalkTests/Trash TalkTests-Info.plist";
				PRODUCT_NAME = "$(TARGET_NAME)";
				TEST_HOST = "$(BUNDLE_LOADER)";
				WRAPPER_EXTENSION = xctest;
			};
			name = Release;
		};
/* End XCBuildConfiguration section */

/* Begin XCConfigurationList section */
		EFF5A41E18430380000E2B06 /* Build configuration list for PBXProject "Trash Talk" */ = {
			isa = XCConfigurationList;
			buildConfigurations = (
				EFF5A45A18430381000E2B06 /* Debug */,
				EFF5A45B18430381000E2B06 /* Release */,
			);
			defaultConfigurationIsVisible = 0;
			defaultConfigurationName = Release;
		};
		EFF5A45C18430381000E2B06 /* Build configuration list for PBXNativeTarget "Trash Talk" */ = {
			isa = XCConfigurationList;
			buildConfigurations = (
				EFF5A45D18430381000E2B06 /* Debug */,
				EFF5A45E18430381000E2B06 /* Release */,
			);
			defaultConfigurationIsVisible = 0;
			defaultConfigurationName = Release;
		};
		EFF5A45F18430381000E2B06 /* Build configuration list for PBXNativeTarget "Trash TalkTests" */ = {
			isa = XCConfigurationList;
			buildConfigurations = (
				EFF5A46018430381000E2B06 /* Debug */,
				EFF5A46118430381000E2B06 /* Release */,
			);
			defaultConfigurationIsVisible = 0;
			defaultConfigurationName = Release;
		};
/* End XCConfigurationList section */
	};
	rootObject = EFF5A41B18430380000E2B06 /* Project object */;
}
